
Microsoft Visual Studio Solution File, Format Version 12.00
# Visual Studio Version 17
VisualStudioVersion = 17.8.34309.116
MinimumVisualStudioVersion = 10.0.40219.1
Project("{9A19103F-16F7-4668-BE54-9A1E7A4F7556}") = "DiscNite", "DiscNite.csproj", "{A13653F5-8F4A-41F8-A4C4-0898D5F50067}"
EndProject
Global
	GlobalSection(SolutionConfigurationPlatforms) = preSolution
		Debug|Any CPU = Debug|Any CPU
		Release|Any CPU = Release|Any CPU
	EndGlobalSection
	GlobalSection(ProjectConfigurationPlatforms) = postSolution
		{A13653F5-8F4A-41F8-A4C4-0898D5F50067}.Debug|Any CPU.ActiveCfg = Debug|Any CPU
		{A13653F5-8F4A-41F8-A4C4-0898D5F50067}.Debug|Any CPU.Build.0 = Debug|Any CPU
		{A13653F5-8F4A-41F8-A4C4-0898D5F50067}.Release|Any CPU.ActiveCfg = Release|Any CPU
		{A13653F5-8F4A-41F8-A4C4-0898D5F50067}.Release|Any CPU.Build.0 = Release|Any CPU
	EndGlobalSection
	GlobalSection(SolutionProperties) = preSolution
		HideSolutionNode = FALSE
	EndGlobalSection
	GlobalSection(ExtensibilityGlobals) = postSolution
		SolutionGuid = {BB391B7B-584A-40C3-B443-4BB2A3536E94}
	EndGlobalSection
EndGlobal
